
Microsoft Visual Studio Solution File, Format Version 12.00
# Visual Studio 2013
VisualStudioVersion = 12.0.21005.1
MinimumVisualStudioVersion = 10.0.40219.1
Project("{FAE04EC0-301F-11D3-BF4B-00C04F79EFBC}") = "FreightQuote.Web", "FreightQuote.Web\FreightQuote.Web.csproj", "{07B7C630-64CC-4BEA-B941-278A30E8AB60}"
EndProject
Project("{FAE04EC0-301F-11D3-BF4B-00C04F79EFBC}") = "FreightQuote.Data", "FreightQuote.Data\FreightQuote.Data.csproj", "{9D0A7A43-3EF9-4C41-926F-635B4FDCACA6}"
EndProject
Global
	GlobalSection(SolutionConfigurationPlatforms) = preSolution
		Debug|Any CPU = Debug|Any CPU
		Release|Any CPU = Release|Any CPU
	EndGlobalSection
	GlobalSection(ProjectConfigurationPlatforms) = postSolution
		{07B7C630-64CC-4BEA-B941-278A30E8AB60}.Debug|Any CPU.ActiveCfg = Debug|Any CPU
		{07B7C630-64CC-4BEA-B941-278A30E8AB60}.Debug|Any CPU.Build.0 = Debug|Any CPU
		{07B7C630-64CC-4BEA-B941-278A30E8AB60}.Release|Any CPU.ActiveCfg = Release|Any CPU
		{07B7C630-64CC-4BEA-B941-278A30E8AB60}.Release|Any CPU.Build.0 = Release|Any CPU
		{9D0A7A43-3EF9-4C41-926F-635B4FDCACA6}.Debug|Any CPU.ActiveCfg = Debug|Any CPU
		{9D0A7A43-3EF9-4C41-926F-635B4FDCACA6}.Debug|Any CPU.Build.0 = Debug|Any CPU
		{9D0A7A43-3EF9-4C41-926F-635B4FDCACA6}.Release|Any CPU.ActiveCfg = Release|Any CPU
		{9D0A7A43-3EF9-4C41-926F-635B4FDCACA6}.Release|Any CPU.Build.0 = Release|Any CPU
	EndGlobalSection
	GlobalSection(SolutionProperties) = preSolution
		HideSolutionNode = FALSE
	EndGlobalSection
EndGlobal
